
Microsoft Visual Studio Solution File, Format Version 12.00
# Visual Studio Version 17
VisualStudioVersion = 17.9.34714.143
MinimumVisualStudioVersion = 10.0.40219.1
Project("{FAE04EC0-301F-11D3-BF4B-00C04F79EFBC}") = "ChessBoard", "ChessBoard.csproj", "{409C79E9-B8D1-45CE-91DA-B05A4D782F27}"
EndProject
Global
	GlobalSection(SolutionConfigurationPlatforms) = preSolution
		Debug|Any CPU = Debug|Any CPU
		Release|Any CPU = Release|Any CPU
	EndGlobalSection
	GlobalSection(ProjectConfigurationPlatforms) = postSolution
		{409C79E9-B8D1-45CE-91DA-B05A4D782F27}.Debug|Any CPU.ActiveCfg = Debug|Any CPU
		{409C79E9-B8D1-45CE-91DA-B05A4D782F27}.Debug|Any CPU.Build.0 = Debug|Any CPU
		{409C79E9-B8D1-45CE-91DA-B05A4D782F27}.Release|Any CPU.ActiveCfg = Release|Any CPU
		{409C79E9-B8D1-45CE-91DA-B05A4D782F27}.Release|Any CPU.Build.0 = Release|Any CPU
	EndGlobalSection
	GlobalSection(SolutionProperties) = preSolution
		HideSolutionNode = FALSE
	EndGlobalSection
	GlobalSection(ExtensibilityGlobals) = postSolution
		SolutionGuid = {EEE0FF0E-FBC4-4134-B7CA-DC631D88C12C}
	EndGlobalSection
EndGlobal
